
Microsoft Visual Studio Solution File, Format Version 12.00
# Visual Studio 14
VisualStudioVersion = 14.0.23107.0
MinimumVisualStudioVersion = 10.0.40219.1
Project("{FAE04EC0-301F-11D3-BF4B-00C04F79EFBC}") = "Finance.Standlone", "Finance.Standlone\Finance.Standlone.csproj", "{5E5EC40E-072E-4BD5-AA5B-5CD6C9055088}"
EndProject
Project("{FAE04EC0-301F-11D3-BF4B-00C04F79EFBC}") = "Finance.Framework", "..\Finance.Framework\Finance.Framework.csproj", "{586F9DB3-6110-4442-BF4C-578B13821CED}"
EndProject
Project("{FAE04EC0-301F-11D3-BF4B-00C04F79EFBC}") = "Finance.DAL", "Finance.DAL\Finance.DAL.csproj", "{8C249856-D63B-4E25-A042-B082A997CF13}"
EndProject
Global
	GlobalSection(SolutionConfigurationPlatforms) = preSolution
		Debug|Any CPU = Debug|Any CPU
		Release|Any CPU = Release|Any CPU
	EndGlobalSection
	GlobalSection(ProjectConfigurationPlatforms) = postSolution
		{5E5EC40E-072E-4BD5-AA5B-5CD6C9055088}.Debug|Any CPU.ActiveCfg = Debug|Any CPU
		{5E5EC40E-072E-4BD5-AA5B-5CD6C9055088}.Debug|Any CPU.Build.0 = Debug|Any CPU
		{5E5EC40E-072E-4BD5-AA5B-5CD6C9055088}.Release|Any CPU.ActiveCfg = Release|Any CPU
		{5E5EC40E-072E-4BD5-AA5B-5CD6C9055088}.Release|Any CPU.Build.0 = Release|Any CPU
		{586F9DB3-6110-4442-BF4C-578B13821CED}.Debug|Any CPU.ActiveCfg = Debug|Any CPU
		{586F9DB3-6110-4442-BF4C-578B13821CED}.Debug|Any CPU.Build.0 = Debug|Any CPU
		{586F9DB3-6110-4442-BF4C-578B13821CED}.Release|Any CPU.ActiveCfg = Release|Any CPU
		{586F9DB3-6110-4442-BF4C-578B13821CED}.Release|Any CPU.Build.0 = Release|Any CPU
		{8C249856-D63B-4E25-A042-B082A997CF13}.Debug|Any CPU.ActiveCfg = Debug|Any CPU
		{8C249856-D63B-4E25-A042-B082A997CF13}.Debug|Any CPU.Build.0 = Debug|Any CPU
		{8C249856-D63B-4E25-A042-B082A997CF13}.Release|Any CPU.ActiveCfg = Release|Any CPU
		{8C249856-D63B-4E25-A042-B082A997CF13}.Release|Any CPU.Build.0 = Release|Any CPU
	EndGlobalSection
	GlobalSection(SolutionProperties) = preSolution
		HideSolutionNode = FALSE
	EndGlobalSection
EndGlobal
